langcode: en
status: true
dependencies:
  config:
    - field.storage.paragraph.field_block
    - paragraphs.paragraphs_type.d_p_block
  module:
    - d_block_field
id: paragraph.d_p_block.field_block
field_name: field_block
entity_type: paragraph
bundle: d_p_block
label: Block
description: ''
required: false
translatable: false
default_value: {  }
default_value_callback: ''
settings:
  plugin_categories:
    'Chaos Tools': 'Chaos Tools'
    Block: 0
    'Content block': 0
    core: 0
    'Droopler Social Media Block': 0
    'Drupal 8 Mega Menu': 0
    Facets: 0
    Forms: 0
    Help: 0
    'Lists (Views)': 0
    Menus: 0
    Search: 0
    System: 0
    User: 0
    Views: 0
  plugin_categories_exclude: 1
field_type: d_block_field
