langcode: en
status: true
dependencies:
  content:
    - 'file:file:9b6690bb-5df3-449a-8296-fa0e091af455'
id: d_p_block
label: 'Block paragraph'
icon_uuid: 9b6690bb-5df3-449a-8296-fa0e091af455
icon_default: 'data:image/png;base64,iVBORw0KGgoAAAANSUhEUgAAAMgAAACWCAYAAACb3McZAAAACXBIWXMAAAsTAAALEwEAmpwYAAAAB3RJTUUH5AgTFTEmPWCjUAAADh9JREFUeNrt3XlsHFcdB/Dvm5nd2ctXHB+bOE4Tp4VAoYWGWy2UQ6CkiYrKISHEIcQtQVuuphWkVaUWAcWtVIQEtJSbIoSgaYBWVC1nuVJRSgpK4qR2Yjs+E3vXs8ccjz/G3tm1d9dre2d3a38/kv/Ixp7deTvf937z3uwsQERERERERERERERERERERERERERERERERERERERERERERERERERERPR8JUo83gMgxOahDWQYQKqSgAgAjwO4km1GG4QE8FYAjy3+D63EHwgACtuNNjptuV/QX6pAYbFF61BmUMIZk2sLyM6DMehxla1J64sAhr+fxMR95toCAoHSp/JEz+OAVILnGUQMCBEDQsSAEDEgRAwIEQNCxIAQMSBEDAgRMSBEDAgRA0LEgBAxIEQMCBEDQsSAEDEgRAwIETEgRAwIEQNCxIAQMSBEDMjqSItvzkYgHfeHAVmB9JCFk7fPwpy0eQSt53DYwPhhA+OHDcgGfau1RntB6SELJw8lYZ2SOJlMou9gE4KbWQmu13CM9mdyj3VeE4FosPukN1RAUoMWBm5zwwEAELxv9nqW/96Oft0NSuf+CEQD9YcN81LSQ/PhGHDDoe9R0HdTDAGOHuszHCrQcSCC+I16QUjGH2qscqshjr5cWZUfjoNNCG7m95Ks65AoblkVvyEvJP0ZjD/cOCGpe0DSgxZO3uqVVV44OHJsiJCoblm1ZCQ5bDTE7FZdz0HSQxZOLi6rDsZWHw4BGMdNWIkSLasIqCEBrVVBYJMCRRfu1zeWkR23kT7rzTlHXxiEGlnDmZEA7DmJzLCFzLgNc8qBlIDWJBDsUBHq0RBoW1vn4GQlMsM2MmMWshMOpANosfntb1t++8n/mnBSbhuqEQXRFwZK/q40JYwBC7bh5PYv9uIglGDlbbQQkoVwAMidvHfur++Je90Ckj9b5YVjbSOHEMD0H9KY/P4yiygKENwt0HlAR9tVobIHfPqshVM3GLk3f/eDGtTI6t4xO+Fg6ok0xn+ehfVc8WSKVmDT3gA6rgkjtHVlz+NkJWb+kcHogxlkn3ZKbn/z2wPo2BtGsLP49id+ncLMQ26N03Ktih0vCBSdLZE2MPrgHMa/bebadfvt4RWFI/e65sutRgtJXQKSHpwfOepVVjlA9pjE2WNpnH8yi52fa4Ia8/e5U6csnO5PIvvv8kOWvABM/djE9C9NbPtCGJteH6poKs8672Do20nMHrGX3f7Ed01M/drCjlsiaLosWH7DZV7u+T+lvXAA6PpYEG2vW/03vgq1TEgO1Gd2q+YBqXpZVUbwRQq2fiiUa1gp3ZJp/HAW5jH3+eeecDB5WRpd10WWLbdWHY7TFk7clCz4RlW1V6B9bwDhXhUiAGTOOZj5qwnjz27PLw1g6FAKzi0Sm98SLhsSa9bBqbsSMP7ojRpCB9rfHUDkYhVKWCA75mD2KQvJx9wAOeMSjrX6HTZOmjjzlVTu3837VHRdG1nzvHzZkNRhJKlpQFJDFgYO1W7k0NoEml+mL2nUtteGcPzgLLLzIZn8bdZt/ED1X4OdkDh9V144VGDL9Tra3xxeUtp17gMSz2QxdI+Ra6Phr6QR7tVKnwc4wOiDRkE4Wq/TsOU9UQTblYIDtmMfMPdOEyM/MND0Eg0tL9dXtU/mtIPTd81BJuc7opcIbPtwzD2nq4JcSKQXjtH+DCBqv5hYs0ErNWhhoEFmq7RWBZve5B1w9jkJe86fKZOpJ1LIPuP11D0HQ+jcHyl63iNUoPnyIPoOxSCa3cekCZx9wIA0i/f2xmkLUz/xypyW/Sp6PzI/Ii96CiGA2O4ALr69BfF3R1fV2zsZiTPfScJ81n09og3Y8ZnYmicWioZk/6Ip4DrMbtXk6Cy6COhTWVURCahh77lFTEAEq79mbxsS536Yzf079kYV7W9Y/pwifJGGLR/3DozUkw6MgeITD9N/SAMLpx0C2PKeKJSQWPbgW9U7L4GxXxkF5zkX3RJBeIc/hUjRKeD+2i4m+n6ENuIioLSA2X95vW7r1drapm5LSD1nwjnn9fyb36ZDBCp7npY9ekEBnPhPdsnvOBmJ6Ye84LReq0GP+9euF/6Wwdg3vdcRv153X6ePFsqtJSGp0WKirwFJD1Z/Knct7KREesjCyE+SSDzitm5oj4Lud0T82f/hvHdQAOHtlfe0wQ4VwUu8dko8bS8pLcxpB855L4BNL9WqfvGaeUHCOGni/J/SGLzTAOZfQ9s7NXRcE6nJxXJFQ1Kjcsu3k/TcbFVeOHYdrO21VcZfbPz7befzEoJcryNCQPfHgmh/Uxhasz+vyZwqnFXSoit4HgWIXaZg+ll3G+n/OUsORmvWKZh5C7RWfz+M3zs4/vtkwWPhVyvo+UAUSgA1U68pYF8266Qlnrt7LldWAUDvhyMI1Lqsku5Jbu4nr7eRWWDuhIP0Gdu3XkjKRS29wtZWol4i5NzSzlqaiw4izafuXKDgyVP/cDD1eNq3afGyIdkbRuR1XkOO9meQfCbr23P6MoIoIYGLro+611jNh2ToWwb6bo7V9NwjsFtg6wfDud7FsSTMSQez/3LXA2aPWJg9ksSWG3V0Hqh+uZC/oixNd6VbjVb4JBLIDnvJVeNu4ETeny8+b3Iy1T9iQ69WEL8uBCvp4NzPMjD/KwEbGPlaBqFtGpovD9auv7OB8SOp3FoRAMRv0BG71L/X4Fu9E+rV0HdrDNpO903MHHUwcGcS2cnazdEFNilo2aPnftpeE0LngQj6bm5Gz01ePTtyTwbG6ep/xleP5zWvCZjnK993JyuRfMr7/ejlakE4AEBtUgrewdSQD/vQJdC8R0f7G8PYedCbfgaAwX4D2YnaTCcV+4BVfL5j83NdxNcTgnCvhr7bYtD65kPyTwcDdySQrfVHafNLBOkO1W1XeiMLbGDuuFn9/e/RClo4eazyUiA9ZMEZ90aE2O6lJ+CBdgWBS7wHpx41fRlFFoIZ3q6h9wvh3OP2cxJn7puDk/W31pI2MP6wgdG788Jxg+4uGvp8Suv7GXO4V8OuW/NCctTBwB3J2odk8Y6HBYSSVwKlq/8m61s1RF7rNfHYj7Iwp5cfRaQFjB/Jq/GDQFORMkIoQMd+73HzfxIzf8/42m6trwmh40Pe2XniNzYmf5Py7XykYOSQeeGo0WUnNZlSKl1u1S8kmWG74FokbVP1T3CFCsTfldfjjkqcvT8JO1n6aJIOMPGIgQu/8MqljvcFoHcXPxpaX6FDafX+feaeNIwT5UdD44SJ2acyq96n7ndEEbnKO3RGvp5B4lj1T5SLhuPGoO9lVc0DApQqt2oQEse7tYx03N45fdbCmfvnvDc9BER3VXaiJ63yP4vFLg2i/b1ejztz2MbxL81i9qkMrFnH/TsbcFLu5yoGv5HAyFe9gzf4YpGb3iwm2KUi/lHvClpnQuLEZ5KYfCTlftbE8vY7O+Fg4mEDJz6dxKnPGrjwZGZVPb8aEdj+8RiULq9TGbrHKJjWrkY4JoqWVdGaXtVb04sVF8qthdmthXLLr9mt1NM2TnxppqB2t5NA9j9OwSps90f1ylagJXDicwmIEq0W6Ba45M6Wgt5NqO7lH1YygZlfuk+aOerg1FEDSouA1gMouoB5TsIeKTxatT6BHTctf53T5reEkRmzMfmAO3LIGeDsHWkMh9MIXqJAjQHmtIR1UhZMDc8czaLlVfqSk/9K6FtUbP98GKc/awASMI9LnH0giYs+1bzmiz5zI8fd9Smr6hYQwC23dt0ay62wL5RbfqywyyRg/KVMr6YA8U/r6NgXrniK1x4u3eUqMRTtkdWowPZPNGFiRwrn7s3kDlJnRiI7g6J/1HyNip73R0t+qCmfCABb3xtFsDOF0X5v+zIFZEp8cKrzIwF0X7e23rjlCh1dn7Qwdq9bXs08ZGPyUgMdb139lQklZ6v2b5DPg+RCclveSDI/u9V389pDIlQBtbv00S40QO9T0HyFhpYrggj1LNMEovz2CgISKn2fIkUX6Lo2gtZX6rjw1zSmH7eQfcYpWExU4wKtV6touzKE6AsCK+otRUCgc18ELS/Tcf7JNKZ/Z8F81imInrZNoPVqDZteH0Kkr/RlKYrm7bNS7toxAXQdiLifNfmjOzqOPZBFZGcA0YtXPozUc7aqzC4WfewJAFcBwO6fNvt2AVx6yCpYTNSvUNYckoouYBOovMGdRSviywa0wtdpAVbCcadlpbsKrjWLqn2mQprupSgLU7AiIKA1Vbb9xW247D4tbqOVtG9+OGpZVglg+HtJTNyXqznfDOCxJZ0F6mhhdkstmN1a2zqJUCv4WcleKxVuU8XKenwNCLQp0LtV6HEVwQ6lauFwA+Guk+jx+e1vrnz7K94nZQ3tizKzVfvrf6fFut9bJ9yr4eKis1sNfEdjqprcbFV/kdmqBrgtWkPcfCrUq2HXocWLiYm6LyaS/+EYP2xgZHE4GmDkaKiAAEBoe5HFxC9zJFnv4SgsqxorHA0VEGB+nSSv3Kr15dRUP7nZKt7dvbyFdZIz35nD9k/FeAvSdSr/bopA/e+g+LwJSC4kX2yu+PPb9DwPySqmhTd0QAAwHBsoJI2M9QsRA0LEgBAxIEQMCBEDQsSAEDEgRAwIEQNCRAwIEQNCxIAQMSBEDAgRA0LEgBAxIEQMCBEDQkQMCBEDQsSAEDEgRAwIEQNC1IAqvHHnsrcenXw0Ba2VOaL1J3Fs+e+fWTYgE/ebbEnasDg0EJX5JppSldheAJ1sN9pAHgUwwmYgIiIiIiIiIiIiIiIiIiIiIiIiIiIiIiIiIiIiIiIiIiIiIiIiIiIiItoQ/g+Do8GqiKsbggAAAABJRU5ErkJggg=='
description: ''
behavior_plugins: {  }
